dependencies:
  idf:
    source:
      type: idf
    version: 5.3.3
  mittelab/nlohmann-json:
    component_hash: 9a48e24d184a0d60b51e4c0937573bfce187513b02e8610b41bf84f82d75c669
    dependencies:
    - name: idf
      require: private
      version: '>=4.1.0'
    source:
      registry_url: https://components.espressif.com/
      type: service
    version: 3.11.3
direct_dependencies:
- mittelab/nlohmann-json
manifest_hash: 480e3f30b401bb44f0c84f51914b77a9e7fbc2512ca96616fe3a87f3cef42038
target: esp32s3
version: 2.0.0
